{
  "requires": true,
  "lockfileVersion": 1,
  "dependencies": {
    "@pixi/accessibility": {
      "version": "6.2.0",
      "resolved": "https://registry.npmmirror.com/@pixi/accessibility/download/@pixi/accessibility-6.2.0.tgz",
      "integrity": "sha1-kSQAfSGQdjl2nL60u2gC6naMMdU="
    },
    "@pixi/app": {
      "version": "6.2.0",
      "resolved": "https://registry.npmmirror.com/@pixi/app/download/@pixi/app-6.2.0.tgz",
      "integrity": "sha1-TaG1IuOkS8yNBBp8RIqd2YuwNFI="
    },
    "@pixi/compressed-textures": {
      "version": "6.2.0",
      "resolved": "https://registry.npmmirror.com/@pixi/compressed-textures/download/@pixi/compressed-textures-6.2.0.tgz",
      "integrity": "sha1-U4MJA4iueVrh7oA3OLJDW7Xshgo="
    },
    "@pixi/constants": {
      "version": "6.2.0",
      "resolved": "https://registry.npmmirror.com/@pixi/constants/download/@pixi/constants-6.2.0.tgz",
      "integrity": "sha1-FNtkp6aXUg2TI23GqyA0/tIY7b0="
    },
    "@pixi/core": {
      "version": "6.2.0",
      "resolved": "https://registry.npmmirror.com/@pixi/core/download/@pixi/core-6.2.0.tgz",
      "integrity": "sha1-4d5Fpt8KlyDOxIQxOgFhm8zmeDU="
    },
    "@pixi/display": {
      "version": "6.2.0",
      "resolved": "https://registry.npmmirror.com/@pixi/display/download/@pixi/display-6.2.0.tgz",
      "integrity": "sha1-OpF9rVBWuC3SW6Mi8JXXSvfAj9A="
    },
    "@pixi/extract": {
      "version": "6.2.0",
      "resolved": "https://registry.npmmirror.com/@pixi/extract/download/@pixi/extract-6.2.0.tgz",
      "integrity": "sha1-zH9kN5pZ+NJ7DFz9BOrd77dLEJ0="
    },
    "@pixi/filter-alpha": {
      "version": "6.2.0",
      "resolved": "https://registry.npmmirror.com/@pixi/filter-alpha/download/@pixi/filter-alpha-6.2.0.tgz",
      "integrity": "sha1-gFnSHxHqCIRK32OOFerFR5L6JlA="
    },
    "@pixi/filter-blur": {
      "version": "6.2.0",
      "resolved": "https://registry.npmmirror.com/@pixi/filter-blur/download/@pixi/filter-blur-6.2.0.tgz",
      "integrity": "sha1-rqWnBNz7hiFEODcaBVH66uB0c0w="
    },
    "@pixi/filter-color-matrix": {
      "version": "6.2.0",
      "resolved": "https://registry.npmmirror.com/@pixi/filter-color-matrix/download/@pixi/filter-color-matrix-6.2.0.tgz",
      "integrity": "sha1-pXLk9oZVNXJCZTzCiiVUQuUm1KU="
    },
    "@pixi/filter-displacement": {
      "version": "6.2.0",
      "resolved": "https://registry.npmmirror.com/@pixi/filter-displacement/download/@pixi/filter-displacement-6.2.0.tgz",
      "integrity": "sha1-4baMYO7Y9nmVqkKFBLKL92RvSmQ="
    },
    "@pixi/filter-fxaa": {
      "version": "6.2.0",
      "resolved": "https://registry.npmmirror.com/@pixi/filter-fxaa/download/@pixi/filter-fxaa-6.2.0.tgz",
      "integrity": "sha1-b89qxParSp5TvzEYiAtKcDBp0Xo="
    },
    "@pixi/filter-noise": {
      "version": "6.2.0",
      "resolved": "https://registry.npmmirror.com/@pixi/filter-noise/download/@pixi/filter-noise-6.2.0.tgz",
      "integrity": "sha1-WZEZdn4W7J7cXCQ3NP+MbIZG988="
    },
    "@pixi/graphics": {
      "version": "6.2.0",
      "resolved": "https://registry.npmmirror.com/@pixi/graphics/download/@pixi/graphics-6.2.0.tgz",
      "integrity": "sha1-U4XH+dWzic2UP7UyVR/QNq9p0JM="
    },
    "@pixi/interaction": {
      "version": "6.2.0",
      "resolved": "https://registry.npmmirror.com/@pixi/interaction/download/@pixi/interaction-6.2.0.tgz",
      "integrity": "sha1-2cvpuivFL2ijcGe0ZPs14L8aPx8="
    },
    "@pixi/loaders": {
      "version": "6.2.0",
      "resolved": "https://registry.npmmirror.com/@pixi/loaders/download/@pixi/loaders-6.2.0.tgz",
      "integrity": "sha1-PCHoOO6SZGTvjbOt7dZ8XDgBq6U="
    },
    "@pixi/math": {
      "version": "6.2.0",
      "resolved": "https://registry.npmmirror.com/@pixi/math/download/@pixi/math-6.2.0.tgz",
      "integrity": "sha1-v5NI2k7ZiwrzZKmG0O8VsQi9OMU="
    },
    "@pixi/mesh": {
      "version": "6.2.0",
      "resolved": "https://registry.npmmirror.com/@pixi/mesh/download/@pixi/mesh-6.2.0.tgz",
      "integrity": "sha1-ttWth/57OVXiR0/9X/g7Uyg6qS4="
    },
    "@pixi/mesh-extras": {
      "version": "6.2.0",
      "resolved": "https://registry.npmmirror.com/@pixi/mesh-extras/download/@pixi/mesh-extras-6.2.0.tgz",
      "integrity": "sha1-q4wClvkgA2MoOxo1c3ztS1/sfyI="
    },
    "@pixi/mixin-cache-as-bitmap": {
      "version": "6.2.0",
      "resolved": "https://registry.npmmirror.com/@pixi/mixin-cache-as-bitmap/download/@pixi/mixin-cache-as-bitmap-6.2.0.tgz",
      "integrity": "sha1-5ZMOB/WK8pi6/pMDrUhB92RL+ls="
    },
    "@pixi/mixin-get-child-by-name": {
      "version": "6.2.0",
      "resolved": "https://registry.npmmirror.com/@pixi/mixin-get-child-by-name/download/@pixi/mixin-get-child-by-name-6.2.0.tgz",
      "integrity": "sha1-ohq6i4QHBOfD/r6vEWBdSrCU7Ks="
    },
    "@pixi/mixin-get-global-position": {
      "version": "6.2.0",
      "resolved": "https://registry.npmmirror.com/@pixi/mixin-get-global-position/download/@pixi/mixin-get-global-position-6.2.0.tgz",
      "integrity": "sha1-mQQ65kwNe1ybuZ79L5vk5+EGldI="
    },
    "@pixi/particle-container": {
      "version": "6.2.0",
      "resolved": "https://registry.npmmirror.com/@pixi/particle-container/download/@pixi/particle-container-6.2.0.tgz",
      "integrity": "sha1-xdIWiJHHLymSaKUSTRnJ4NRcRXU="
    },
    "@pixi/polyfill": {
      "version": "6.2.0",
      "resolved": "https://registry.npmmirror.com/@pixi/polyfill/download/@pixi/polyfill-6.2.0.tgz",
      "integrity": "sha1-E1vY2IoZs+cnLTlak40s93yhe8U=",
      "requires": {
        "object-assign": "^4.1.1",
        "promise-polyfill": "^8.2.0"
      }
    },
    "@pixi/prepare": {
      "version": "6.2.0",
      "resolved": "https://registry.npmmirror.com/@pixi/prepare/download/@pixi/prepare-6.2.0.tgz",
      "integrity": "sha1-Cv0tT5bXhk8R10nW/7wxrIOyxo8="
    },
    "@pixi/runner": {
      "version": "6.2.0",
      "resolved": "https://registry.npmmirror.com/@pixi/runner/download/@pixi/runner-6.2.0.tgz",
      "integrity": "sha1-14TsGNHdEaNkF08OspP1qxlZeDI="
    },
    "@pixi/settings": {
      "version": "6.2.0",
      "resolved": "https://registry.npmmirror.com/@pixi/settings/download/@pixi/settings-6.2.0.tgz",
      "integrity": "sha1-rptEoIPluR8wn/WCd3zULEolyZo=",
      "requires": {
        "ismobilejs": "^1.1.0"
      }
    },
    "@pixi/sprite": {
      "version": "6.2.0",
      "resolved": "https://registry.npmmirror.com/@pixi/sprite/download/@pixi/sprite-6.2.0.tgz",
      "integrity": "sha1-gPO6PwtxTQoTJ5+kogT5V+V2Y7U="
    },
    "@pixi/sprite-animated": {
      "version": "6.2.0",
      "resolved": "https://registry.npmmirror.com/@pixi/sprite-animated/download/@pixi/sprite-animated-6.2.0.tgz",
      "integrity": "sha1-sz3oBRKyNfg72CTTEX4IXqWrm/c="
    },
    "@pixi/sprite-tiling": {
      "version": "6.2.0",
      "resolved": "https://registry.npmmirror.com/@pixi/sprite-tiling/download/@pixi/sprite-tiling-6.2.0.tgz",
      "integrity": "sha1-m5JQPgToqQ2TvB+xncna0VkBwHM="
    },
    "@pixi/spritesheet": {
      "version": "6.2.0",
      "resolved": "https://registry.npmmirror.com/@pixi/spritesheet/download/@pixi/spritesheet-6.2.0.tgz",
      "integrity": "sha1-xDXAobvrEdvL4APVeaETCH12wvo="
    },
    "@pixi/text": {
      "version": "6.2.0",
      "resolved": "https://registry.npmmirror.com/@pixi/text/download/@pixi/text-6.2.0.tgz",
      "integrity": "sha1-6wslzP7a9+hWzvYkdkesquebkko="
    },
    "@pixi/text-bitmap": {
      "version": "6.2.0",
      "resolved": "https://registry.npmmirror.com/@pixi/text-bitmap/download/@pixi/text-bitmap-6.2.0.tgz",
      "integrity": "sha1-DEENStKjivAPxATqslCOgBuYXfM="
    },
    "@pixi/ticker": {
      "version": "6.2.0",
      "resolved": "https://registry.npmmirror.com/@pixi/ticker/download/@pixi/ticker-6.2.0.tgz",
      "integrity": "sha1-7JiuLczCcFfOyhZWsAsX+QUQoJU="
    },
    "@pixi/utils": {
      "version": "6.2.0",
      "resolved": "https://registry.npmmirror.com/@pixi/utils/download/@pixi/utils-6.2.0.tgz",
      "integrity": "sha1-15w2HzRVKh8mZX/DvtXl4veTAbM=",
      "requires": {
        "@types/earcut": "^2.1.0",
        "earcut": "^2.2.2",
        "eventemitter3": "^3.1.0",
        "url": "^0.11.0"
      }
    },
    "@types/earcut": {
      "version": "2.1.1",
      "resolved": "https://registry.npmmirror.com/@types/earcut/download/@types/earcut-2.1.1.tgz",
      "integrity": "sha1-VzoK9gnxcAXHUfb0/+xJz+NY6lE="
    },
    "bit-twiddle": {
      "version": "1.0.2",
      "resolved": "https://registry.npm.taobao.org/bit-twiddle/download/bit-twiddle-1.0.2.tgz",
      "integrity": "sha1-DGwfq+KyPRcXPZpht7cJPrnhdp4="
    },
    "earcut": {
      "version": "2.2.3",
      "resolved": "https://registry.nlark.com/earcut/download/earcut-2.2.3.tgz",
      "integrity": "sha1-1EztL/WhiFlWjjJ92cfUaxb1XPQ="
    },
    "eventemitter3": {
      "version": "3.1.2",
      "resolved": "https://registry.npm.taobao.org/eventemitter3/download/eventemitter3-3.1.2.tgz",
      "integrity": "sha1-LT1I+cNGaY/Og6hdfWZOmFNd9uc="
    },
    "ismobilejs": {
      "version": "1.1.1",
      "resolved": "https://registry.nlark.com/ismobilejs/download/ismobilejs-1.1.1.tgz",
      "integrity": "sha1-xWygro5Sskyg8iul7zIVot27qg4="
    },
    "mini-signals": {
      "version": "1.2.0",
      "resolved": "https://registry.nlark.com/mini-signals/download/mini-signals-1.2.0.tgz",
      "integrity": "sha1-RbCAE8X65RokqhqTXNMXye1yHXQ="
    },
    "object-assign": {
      "version": "4.1.1",
      "resolved": "https://registry.nlark.com/object-assign/download/object-assign-4.1.1.tgz?cache=0&sync_timestamp=1618847043548&other_urls=https%3A%2F%2Fregistry.nlark.com%2Fobject-assign%2Fdownload%2Fobject-assign-4.1.1.tgz",
      "integrity": "sha1-IQmtx5ZYh8/AXLvUQsrIv7s2CGM="
    },
    "parse-uri": {
      "version": "1.0.3",
      "resolved": "https://registry.npm.taobao.org/parse-uri/download/parse-uri-1.0.3.tgz",
      "integrity": "sha1-88JKdJB6TjV8F0HpbKn6rez9bbU="
    },
    "pixi-gl-core": {
      "version": "1.1.4",
      "resolved": "https://registry.npm.taobao.org/pixi-gl-core/download/pixi-gl-core-1.1.4.tgz",
      "integrity": "sha1-i0tcQzsx5Bm8N53FZc4bg1qRs3I="
    },
    "pixi.js": {
      "version": "6.2.0",
      "resolved": "https://registry.npmmirror.com/pixi.js/download/pixi.js-6.2.0.tgz",
      "integrity": "sha1-UC8Zf4fl+Gda/X2gq3Cye2VCFx4=",
      "requires": {
        "@pixi/accessibility": "6.2.0",
        "@pixi/app": "6.2.0",
        "@pixi/compressed-textures": "6.2.0",
        "@pixi/constants": "6.2.0",
        "@pixi/core": "6.2.0",
        "@pixi/display": "6.2.0",
        "@pixi/extract": "6.2.0",
        "@pixi/filter-alpha": "6.2.0",
        "@pixi/filter-blur": "6.2.0",
        "@pixi/filter-color-matrix": "6.2.0",
        "@pixi/filter-displacement": "6.2.0",
        "@pixi/filter-fxaa": "6.2.0",
        "@pixi/filter-noise": "6.2.0",
        "@pixi/graphics": "6.2.0",
        "@pixi/interaction": "6.2.0",
        "@pixi/loaders": "6.2.0",
        "@pixi/math": "6.2.0",
        "@pixi/mesh": "6.2.0",
        "@pixi/mesh-extras": "6.2.0",
        "@pixi/mixin-cache-as-bitmap": "6.2.0",
        "@pixi/mixin-get-child-by-name": "6.2.0",
        "@pixi/mixin-get-global-position": "6.2.0",
        "@pixi/particle-container": "6.2.0",
        "@pixi/polyfill": "6.2.0",
        "@pixi/prepare": "6.2.0",
        "@pixi/runner": "6.2.0",
        "@pixi/settings": "6.2.0",
        "@pixi/sprite": "6.2.0",
        "@pixi/sprite-animated": "6.2.0",
        "@pixi/sprite-tiling": "6.2.0",
        "@pixi/spritesheet": "6.2.0",
        "@pixi/text": "6.2.0",
        "@pixi/text-bitmap": "6.2.0",
        "@pixi/ticker": "6.2.0",
        "@pixi/utils": "6.2.0"
      }
    },
    "promise-polyfill": {
      "version": "8.2.1",
      "resolved": "https://registry.npmmirror.com/promise-polyfill/download/promise-polyfill-8.2.1.tgz?cache=0&sync_timestamp=1635411940672&other_urls=https%3A%2F%2Fregistry.npmmirror.com%2Fpromise-polyfill%2Fdownload%2Fpromise-polyfill-8.2.1.tgz",
      "integrity": "sha1-H6lVsyW+5Pa4pDEeGBSNTltG0lQ="
    },
    "punycode": {
      "version": "1.3.2",
      "resolved": "https://registry.nlark.com/punycode/download/punycode-1.3.2.tgz",
      "integrity": "sha1-llOgNvt8HuQjQvIyXM7v6jkmxI0="
    },
    "querystring": {
      "version": "0.2.0",
      "resolved": "https://registry.npmmirror.com/querystring/download/querystring-0.2.0.tgz",
      "integrity": "sha1-sgmEkgO7Jd+CDadW50cAWHhSFiA="
    },
    "remove-array-items": {
      "version": "1.1.1",
      "resolved": "https://registry.npm.taobao.org/remove-array-items/download/remove-array-items-1.1.1.tgz",
      "integrity": "sha1-/XRf9z0IIuVh6pEL8bQB/HhD5pM="
    },
    "resource-loader": {
      "version": "2.2.4",
      "resolved": "https://registry.npm.taobao.org/resource-loader/download/resource-loader-2.2.4.tgz",
      "integrity": "sha1-m/Q9ullHXVa+KceWOZIRzg6W/S0=",
      "requires": {
        "mini-signals": "^1.1.1",
        "parse-uri": "^1.0.0"
      }
    },
    "url": {
      "version": "0.11.0",
      "resolved": "https://registry.nlark.com/url/download/url-0.11.0.tgz",
      "integrity": "sha1-ODjpfPxgUh63PFJajlW/3Z4uKPE=",
      "requires": {
        "punycode": "1.3.2",
        "querystring": "0.2.0"
      }
    }
  }
}
